
Microsoft Visual Studio Solution File, Format Version 12.00
# Visual Studio 14
VisualStudioVersion = 14.0.25420.1
MinimumVisualStudioVersion = 10.0.40219.1
Project("{8BC9CEB8-8B4A-11D0-8D11-00A0C91BC942}") = "Program_3", "Program_3\Program_3.vcxproj", "{252AC386-1DAF-4E69-B4F0-BF7EACFE3E57}"
EndProject
Project("{8BC9CEB8-8B4A-11D0-8D11-00A0C91BC942}") = "Program_2", "..\Program_2\Program_2.vcxproj", "{DAB5B415-7586-4F89-AF8D-072CF533DB3F}"
EndProject
Project("{8BC9CEB8-8B4A-11D0-8D11-00A0C91BC942}") = "Program_1", "..\Program_1\Program_1.vcxproj", "{A4F24F66-B40E-471B-BFC5-9C6C20F09A60}"
EndProject
Project("{8BC9CEB8-8B4A-11D0-8D11-00A0C91BC942}") = "Program_4", "..\Program_4\Program_4\Program_4.vcxproj", "{640E4C13-4BF2-4096-B730-599F89EE1879}"
EndProject
Global
	GlobalSection(SolutionConfigurationPlatforms) = preSolution
		Debug|x64 = Debug|x64
		Debug|x86 = Debug|x86
		Release|x64 = Release|x64
		Release|x86 = Release|x86
	EndGlobalSection
	GlobalSection(ProjectConfigurationPlatforms) = postSolution
		{252AC386-1DAF-4E69-B4F0-BF7EACFE3E57}.Debug|x64.ActiveCfg = Debug|x64
		{252AC386-1DAF-4E69-B4F0-BF7EACFE3E57}.Debug|x64.Build.0 = Debug|x64
		{252AC386-1DAF-4E69-B4F0-BF7EACFE3E57}.Debug|x86.ActiveCfg = Debug|Win32
		{252AC386-1DAF-4E69-B4F0-BF7EACFE3E57}.Debug|x86.Build.0 = Debug|Win32
		{252AC386-1DAF-4E69-B4F0-BF7EACFE3E57}.Release|x64.ActiveCfg = Release|x64
		{252AC386-1DAF-4E69-B4F0-BF7EACFE3E57}.Release|x64.Build.0 = Release|x64
		{252AC386-1DAF-4E69-B4F0-BF7EACFE3E57}.Release|x86.ActiveCfg = Release|Win32
		{252AC386-1DAF-4E69-B4F0-BF7EACFE3E57}.Release|x86.Build.0 = Release|Win32
		{DAB5B415-7586-4F89-AF8D-072CF533DB3F}.Debug|x64.ActiveCfg = Debug|x64
		{DAB5B415-7586-4F89-AF8D-072CF533DB3F}.Debug|x64.Build.0 = Debug|x64
		{DAB5B415-7586-4F89-AF8D-072CF533DB3F}.Debug|x86.ActiveCfg = Debug|Win32
		{DAB5B415-7586-4F89-AF8D-072CF533DB3F}.Debug|x86.Build.0 = Debug|Win32
		{DAB5B415-7586-4F89-AF8D-072CF533DB3F}.Release|x64.ActiveCfg = Release|x64
		{DAB5B415-7586-4F89-AF8D-072CF533DB3F}.Release|x64.Build.0 = Release|x64
		{DAB5B415-7586-4F89-AF8D-072CF533DB3F}.Release|x86.ActiveCfg = Release|Win32
		{DAB5B415-7586-4F89-AF8D-072CF533DB3F}.Release|x86.Build.0 = Release|Win32
		{A4F24F66-B40E-471B-BFC5-9C6C20F09A60}.Debug|x64.ActiveCfg = Debug|x64
		{A4F24F66-B40E-471B-BFC5-9C6C20F09A60}.Debug|x64.Build.0 = Debug|x64
		{A4F24F66-B40E-471B-BFC5-9C6C20F09A60}.Debug|x86.ActiveCfg = Debug|Win32
		{A4F24F66-B40E-471B-BFC5-9C6C20F09A60}.Debug|x86.Build.0 = Debug|Win32
		{A4F24F66-B40E-471B-BFC5-9C6C20F09A60}.Release|x64.ActiveCfg = Release|x64
		{A4F24F66-B40E-471B-BFC5-9C6C20F09A60}.Release|x64.Build.0 = Release|x64
		{A4F24F66-B40E-471B-BFC5-9C6C20F09A60}.Release|x86.ActiveCfg = Release|Win32
		{A4F24F66-B40E-471B-BFC5-9C6C20F09A60}.Release|x86.Build.0 = Release|Win32
		{640E4C13-4BF2-4096-B730-599F89EE1879}.Debug|x64.ActiveCfg = Debug|x64
		{640E4C13-4BF2-4096-B730-599F89EE1879}.Debug|x64.Build.0 = Debug|x64
		{640E4C13-4BF2-4096-B730-599F89EE1879}.Debug|x86.ActiveCfg = Debug|Win32
		{640E4C13-4BF2-4096-B730-599F89EE1879}.Debug|x86.Build.0 = Debug|Win32
		{640E4C13-4BF2-4096-B730-599F89EE1879}.Release|x64.ActiveCfg = Release|x64
		{640E4C13-4BF2-4096-B730-599F89EE1879}.Release|x64.Build.0 = Release|x64
		{640E4C13-4BF2-4096-B730-599F89EE1879}.Release|x86.ActiveCfg = Release|Win32
		{640E4C13-4BF2-4096-B730-599F89EE1879}.Release|x86.Build.0 = Release|Win32
	EndGlobalSection
	GlobalSection(SolutionProperties) = preSolution
		HideSolutionNode = FALSE
	EndGlobalSection
EndGlobal
